
Microsoft Visual Studio Solution File, Format Version 12.00
# Visual Studio Version 17
VisualStudioVersion = 17.5.002.0
MinimumVisualStudioVersion = 10.0.40219.1
Project("{9A19103F-16F7-4668-BE54-9A1E7A4F7556}") = "TriangleType", "TriangleType.csproj", "{73D00F76-1BA1-43BE-9852-F4A53E9C4929}"
EndProject
Global
	GlobalSection(SolutionConfigurationPlatforms) = preSolution
		Debug|Any CPU = Debug|Any CPU
		Release|Any CPU = Release|Any CPU
	EndGlobalSection
	GlobalSection(ProjectConfigurationPlatforms) = postSolution
		{73D00F76-1BA1-43BE-9852-F4A53E9C4929}.Debug|Any CPU.ActiveCfg = Debug|Any CPU
		{73D00F76-1BA1-43BE-9852-F4A53E9C4929}.Debug|Any CPU.Build.0 = Debug|Any CPU
		{73D00F76-1BA1-43BE-9852-F4A53E9C4929}.Release|Any CPU.ActiveCfg = Release|Any CPU
		{73D00F76-1BA1-43BE-9852-F4A53E9C4929}.Release|Any CPU.Build.0 = Release|Any CPU
	EndGlobalSection
	GlobalSection(SolutionProperties) = preSolution
		HideSolutionNode = FALSE
	EndGlobalSection
	GlobalSection(ExtensibilityGlobals) = postSolution
		SolutionGuid = {6D94514F-755F-4080-91D9-AD64118FD4D0}
	EndGlobalSection
EndGlobal
